
Microsoft Visual Studio Solution File, Format Version 12.00
# Visual Studio 15
VisualStudioVersion = 15.0.28307.902
MinimumVisualStudioVersion = 10.0.40219.1
Project("{9A19103F-16F7-4668-BE54-9A1E7A4F7556}") = "Bodoconsult.Core.Database", "Bodoconsult.Core.Database\Bodoconsult.Core.Database.csproj", "{635DDCBC-2DC8-4701-8518-A4C04CA7A71F}"
EndProject
Project("{FAE04EC0-301F-11D3-BF4B-00C04F79EFBC}") = "Bodoconsult.Core.Database.Test", "Bodoconsult.Core.Database.Test\Bodoconsult.Core.Database.Test.csproj", "{9A01A155-BC6B-4D0C-805F-360BED64A597}"
EndProject
Global
	GlobalSection(SolutionConfigurationPlatforms) = preSolution
		Debug|Any CPU = Debug|Any CPU
		Release|Any CPU = Release|Any CPU
	EndGlobalSection
	GlobalSection(ProjectConfigurationPlatforms) = postSolution
		{635DDCBC-2DC8-4701-8518-A4C04CA7A71F}.Debug|Any CPU.ActiveCfg = Debug|Any CPU
		{635DDCBC-2DC8-4701-8518-A4C04CA7A71F}.Debug|Any CPU.Build.0 = Debug|Any CPU
		{635DDCBC-2DC8-4701-8518-A4C04CA7A71F}.Release|Any CPU.ActiveCfg = Release|Any CPU
		{635DDCBC-2DC8-4701-8518-A4C04CA7A71F}.Release|Any CPU.Build.0 = Release|Any CPU
		{9A01A155-BC6B-4D0C-805F-360BED64A597}.Debug|Any CPU.ActiveCfg = Debug|Any CPU
		{9A01A155-BC6B-4D0C-805F-360BED64A597}.Debug|Any CPU.Build.0 = Debug|Any CPU
		{9A01A155-BC6B-4D0C-805F-360BED64A597}.Release|Any CPU.ActiveCfg = Release|Any CPU
		{9A01A155-BC6B-4D0C-805F-360BED64A597}.Release|Any CPU.Build.0 = Release|Any CPU
	EndGlobalSection
	GlobalSection(SolutionProperties) = preSolution
		HideSolutionNode = FALSE
	EndGlobalSection
	GlobalSection(ExtensibilityGlobals) = postSolution
		SolutionGuid = {D8177C6C-CD63-4898-BFC6-48DDB01DC6B7}
	EndGlobalSection
EndGlobal
